
Microsoft Visual Studio Solution File, Format Version 12.00
# Visual Studio Version 16
VisualStudioVersion = 16.0.29418.71
MinimumVisualStudioVersion = 10.0.40219.1
Project("{8BC9CEB8-8B4A-11D0-8D11-00A0C91BC942}") = "TestGame", "TestGame.vcxproj", "{D35A8AF2-D7AF-4326-88FD-DEB421E047E1}"
EndProject
Project("{8BC9CEB8-8B4A-11D0-8D11-00A0C91BC942}") = "InputControl", "..\InputControl\InputControl.vcxproj", "{4C36F95D-C927-4DE8-996A-A5A444018EA9}"
EndProject
Global
	GlobalSection(SolutionConfigurationPlatforms) = preSolution
		Debug|x64 = Debug|x64
		Debug|x86 = Debug|x86
		Release|x64 = Release|x64
		Release|x86 = Release|x86
	EndGlobalSection
	GlobalSection(ProjectConfigurationPlatforms) = postSolution
		{D35A8AF2-D7AF-4326-88FD-DEB421E047E1}.Debug|x64.ActiveCfg = Debug|x64
		{D35A8AF2-D7AF-4326-88FD-DEB421E047E1}.Debug|x64.Build.0 = Debug|x64
		{D35A8AF2-D7AF-4326-88FD-DEB421E047E1}.Debug|x86.ActiveCfg = Debug|Win32
		{D35A8AF2-D7AF-4326-88FD-DEB421E047E1}.Debug|x86.Build.0 = Debug|Win32
		{D35A8AF2-D7AF-4326-88FD-DEB421E047E1}.Release|x64.ActiveCfg = Release|x64
		{D35A8AF2-D7AF-4326-88FD-DEB421E047E1}.Release|x64.Build.0 = Release|x64
		{D35A8AF2-D7AF-4326-88FD-DEB421E047E1}.Release|x86.ActiveCfg = Release|Win32
		{D35A8AF2-D7AF-4326-88FD-DEB421E047E1}.Release|x86.Build.0 = Release|Win32
		{4C36F95D-C927-4DE8-996A-A5A444018EA9}.Debug|x64.ActiveCfg = Debug|x64
		{4C36F95D-C927-4DE8-996A-A5A444018EA9}.Debug|x64.Build.0 = Debug|x64
		{4C36F95D-C927-4DE8-996A-A5A444018EA9}.Debug|x86.ActiveCfg = Debug|Win32
		{4C36F95D-C927-4DE8-996A-A5A444018EA9}.Debug|x86.Build.0 = Debug|Win32
		{4C36F95D-C927-4DE8-996A-A5A444018EA9}.Release|x64.ActiveCfg = Release|x64
		{4C36F95D-C927-4DE8-996A-A5A444018EA9}.Release|x64.Build.0 = Release|x64
		{4C36F95D-C927-4DE8-996A-A5A444018EA9}.Release|x86.ActiveCfg = Release|Win32
		{4C36F95D-C927-4DE8-996A-A5A444018EA9}.Release|x86.Build.0 = Release|Win32
	EndGlobalSection
	GlobalSection(SolutionProperties) = preSolution
		HideSolutionNode = FALSE
	EndGlobalSection
	GlobalSection(ExtensibilityGlobals) = postSolution
		SolutionGuid = {B7F6768C-5310-48BA-8D29-A07DA0EDA6B1}
	EndGlobalSection
EndGlobal
